
Microsoft Visual Studio Solution File, Format Version 12.00
# Visual Studio Version 16
VisualStudioVersion = 16.0.29613.14
MinimumVisualStudioVersion = 10.0.40219.1
Project("{9A19103F-16F7-4668-BE54-9A1E7A4F7556}") = "TRAINING.SYNTAX", "TRAINING.SYNTAX\TRAINING.SYNTAX.csproj", "{B6192BEE-5D6E-4239-A670-26EEDCB7724B}"
EndProject
Project("{9A19103F-16F7-4668-BE54-9A1E7A4F7556}") = "TRAINING.ENTRY", "TRAINING.ENTRY\TRAINING.ENTRY.csproj", "{F38528D1-77EF-4D8F-8631-9300C7178231}"
EndProject
Project("{FAE04EC0-301F-11D3-BF4B-00C04F79EFBC}") = "TRAINING.DATABASE", "TRAINING.DATABASE\TRAINING.DATABASE.csproj", "{B4E0E0A4-398D-4F9F-B47B-6FCEE9B4812B}"
EndProject
Project("{FAE04EC0-301F-11D3-BF4B-00C04F79EFBC}") = "TRAINING.INFRASTURE", "TRAINING.INFRASTURE\TRAINING.INFRASTURE.csproj", "{BD46E5EF-01EF-43E5-B44C-A4BE9F397781}"
EndProject
Global
	GlobalSection(SolutionConfigurationPlatforms) = preSolution
		Debug|Any CPU = Debug|Any CPU
		Release|Any CPU = Release|Any CPU
	EndGlobalSection
	GlobalSection(ProjectConfigurationPlatforms) = postSolution
		{B6192BEE-5D6E-4239-A670-26EEDCB7724B}.Debug|Any CPU.ActiveCfg = Debug|Any CPU
		{B6192BEE-5D6E-4239-A670-26EEDCB7724B}.Debug|Any CPU.Build.0 = Debug|Any CPU
		{B6192BEE-5D6E-4239-A670-26EEDCB7724B}.Release|Any CPU.ActiveCfg = Release|Any CPU
		{B6192BEE-5D6E-4239-A670-26EEDCB7724B}.Release|Any CPU.Build.0 = Release|Any CPU
		{F38528D1-77EF-4D8F-8631-9300C7178231}.Debug|Any CPU.ActiveCfg = Debug|Any CPU
		{F38528D1-77EF-4D8F-8631-9300C7178231}.Debug|Any CPU.Build.0 = Debug|Any CPU
		{F38528D1-77EF-4D8F-8631-9300C7178231}.Release|Any CPU.ActiveCfg = Release|Any CPU
		{F38528D1-77EF-4D8F-8631-9300C7178231}.Release|Any CPU.Build.0 = Release|Any CPU
		{B4E0E0A4-398D-4F9F-B47B-6FCEE9B4812B}.Debug|Any CPU.ActiveCfg = Debug|Any CPU
		{B4E0E0A4-398D-4F9F-B47B-6FCEE9B4812B}.Debug|Any CPU.Build.0 = Debug|Any CPU
		{B4E0E0A4-398D-4F9F-B47B-6FCEE9B4812B}.Release|Any CPU.ActiveCfg = Release|Any CPU
		{B4E0E0A4-398D-4F9F-B47B-6FCEE9B4812B}.Release|Any CPU.Build.0 = Release|Any CPU
		{BD46E5EF-01EF-43E5-B44C-A4BE9F397781}.Debug|Any CPU.ActiveCfg = Debug|Any CPU
		{BD46E5EF-01EF-43E5-B44C-A4BE9F397781}.Debug|Any CPU.Build.0 = Debug|Any CPU
		{BD46E5EF-01EF-43E5-B44C-A4BE9F397781}.Release|Any CPU.ActiveCfg = Release|Any CPU
		{BD46E5EF-01EF-43E5-B44C-A4BE9F397781}.Release|Any CPU.Build.0 = Release|Any CPU
	EndGlobalSection
	GlobalSection(SolutionProperties) = preSolution
		HideSolutionNode = FALSE
	EndGlobalSection
	GlobalSection(ExtensibilityGlobals) = postSolution
		SolutionGuid = {ED2651FB-7294-4698-8549-D29D782C7AA5}
	EndGlobalSection
EndGlobal
